
Microsoft Visual Studio Solution File, Format Version 12.00
# Visual Studio Version 17
VisualStudioVersion = 17.9.34902.65
MinimumVisualStudioVersion = 10.0.40219.1
Project("{FAE04EC0-301F-11D3-BF4B-00C04F79EFBC}") = "project", "project\project.csproj", "{A7D1A342-3993-454F-8567-0A63C5F2DA30}"
EndProject
Global
	GlobalSection(SolutionConfigurationPlatforms) = preSolution
		Debug|Any CPU = Debug|Any CPU
		Release|Any CPU = Release|Any CPU
	EndGlobalSection
	GlobalSection(ProjectConfigurationPlatforms) = postSolution
		{A7D1A342-3993-454F-8567-0A63C5F2DA30}.Debug|Any CPU.ActiveCfg = Debug|Any CPU
		{A7D1A342-3993-454F-8567-0A63C5F2DA30}.Debug|Any CPU.Build.0 = Debug|Any CPU
		{A7D1A342-3993-454F-8567-0A63C5F2DA30}.Release|Any CPU.ActiveCfg = Release|Any CPU
		{A7D1A342-3993-454F-8567-0A63C5F2DA30}.Release|Any CPU.Build.0 = Release|Any CPU
	EndGlobalSection
	GlobalSection(SolutionProperties) = preSolution
		HideSolutionNode = FALSE
	EndGlobalSection
	GlobalSection(ExtensibilityGlobals) = postSolution
		SolutionGuid = {AD87058E-C0A6-497C-8929-B5959C6F7E65}
	EndGlobalSection
EndGlobal
